
Microsoft Visual Studio Solution File, Format Version 11.00
# Visual Studio 2010
Project("{FAE04EC0-301F-11D3-BF4B-00C04F79EFBC}") = "DBQuery", "DBQuery\DBQuery.csproj", "{FDFABC44-47B9-41E7-A21F-0B7F8B4CE980}"
EndProject
Global
	GlobalSection(SolutionConfigurationPlatforms) = preSolution
		Debug|x86 = Debug|x86
		Release|x86 = Release|x86
	EndGlobalSection
	GlobalSection(ProjectConfigurationPlatforms) = postSolution
		{FDFABC44-47B9-41E7-A21F-0B7F8B4CE980}.Debug|x86.ActiveCfg = Debug|x86
		{FDFABC44-47B9-41E7-A21F-0B7F8B4CE980}.Debug|x86.Build.0 = Debug|x86
		{FDFABC44-47B9-41E7-A21F-0B7F8B4CE980}.Release|x86.ActiveCfg = Release|x86
		{FDFABC44-47B9-41E7-A21F-0B7F8B4CE980}.Release|x86.Build.0 = Release|x86
	EndGlobalSection
	GlobalSection(SolutionProperties) = preSolution
		HideSolutionNode = FALSE
	EndGlobalSection
EndGlobal
